
Microsoft Visual Studio Solution File, Format Version 12.00
# Visual Studio Version 16
VisualStudioVersion = 16.0.29613.14
MinimumVisualStudioVersion = 10.0.40219.1
Project("{FAE04EC0-301F-11D3-BF4B-00C04F79EFBC}") = "IfcBridgeToolKit", "IfcBridgeToolKit\IfcBridgeToolKit.csproj", "{E5744FF2-EA36-4381-BAE3-8308D443814F}"
EndProject
Project("{FAE04EC0-301F-11D3-BF4B-00C04F79EFBC}") = "App_IBTK_Example", "App_IBTK_Example\App_IBTK_Example.csproj", "{95951488-3C06-4D8B-9DE6-C7465104C3F8}"
EndProject
Project("{FAE04EC0-301F-11D3-BF4B-00C04F79EFBC}") = "IfcBridge_DynPackage", "IfcBridge_DynPackage\IfcBridge_DynPackage.csproj", "{F32E652B-AC33-4909-B79E-DCDC2081D7C7}"
EndProject
Project("{FAE04EC0-301F-11D3-BF4B-00C04F79EFBC}") = "IfcBridgeToolKit_DataLayer", "IfcBridgeToolKit_DataLayer\IfcBridgeToolKit_DataLayer.csproj", "{15FDAF29-DFE3-40A4-83E3-3B3E4FED5064}"
EndProject
Project("{FAE04EC0-301F-11D3-BF4B-00C04F79EFBC}") = "App_PT2IfcBridge", "PT2IfcBridge\App_PT2IfcBridge.csproj", "{E21541AF-03CD-4F18-9A0C-7F96D4444F87}"
EndProject
Project("{FAE04EC0-301F-11D3-BF4B-00C04F79EFBC}") = "Off_GeomLibrary", "Off_GeomLibrary\Off_GeomLibrary.csproj", "{E1FD9144-EEBD-4F77-B47D-1A51873806E6}"
EndProject
Global
	GlobalSection(SolutionConfigurationPlatforms) = preSolution
		Debug|Any CPU = Debug|Any CPU
		Release|Any CPU = Release|Any CPU
	EndGlobalSection
	GlobalSection(ProjectConfigurationPlatforms) = postSolution
		{E5744FF2-EA36-4381-BAE3-8308D443814F}.Debug|Any CPU.ActiveCfg = Debug|Any CPU
		{E5744FF2-EA36-4381-BAE3-8308D443814F}.Debug|Any CPU.Build.0 = Debug|Any CPU
		{E5744FF2-EA36-4381-BAE3-8308D443814F}.Release|Any CPU.ActiveCfg = Release|Any CPU
		{E5744FF2-EA36-4381-BAE3-8308D443814F}.Release|Any CPU.Build.0 = Release|Any CPU
		{95951488-3C06-4D8B-9DE6-C7465104C3F8}.Debug|Any CPU.ActiveCfg = Debug|Any CPU
		{95951488-3C06-4D8B-9DE6-C7465104C3F8}.Debug|Any CPU.Build.0 = Debug|Any CPU
		{95951488-3C06-4D8B-9DE6-C7465104C3F8}.Release|Any CPU.ActiveCfg = Release|Any CPU
		{95951488-3C06-4D8B-9DE6-C7465104C3F8}.Release|Any CPU.Build.0 = Release|Any CPU
		{F32E652B-AC33-4909-B79E-DCDC2081D7C7}.Debug|Any CPU.ActiveCfg = Debug|Any CPU
		{F32E652B-AC33-4909-B79E-DCDC2081D7C7}.Debug|Any CPU.Build.0 = Debug|Any CPU
		{F32E652B-AC33-4909-B79E-DCDC2081D7C7}.Release|Any CPU.ActiveCfg = Release|Any CPU
		{F32E652B-AC33-4909-B79E-DCDC2081D7C7}.Release|Any CPU.Build.0 = Release|Any CPU
		{15FDAF29-DFE3-40A4-83E3-3B3E4FED5064}.Debug|Any CPU.ActiveCfg = Debug|Any CPU
		{15FDAF29-DFE3-40A4-83E3-3B3E4FED5064}.Debug|Any CPU.Build.0 = Debug|Any CPU
		{15FDAF29-DFE3-40A4-83E3-3B3E4FED5064}.Release|Any CPU.ActiveCfg = Release|Any CPU
		{15FDAF29-DFE3-40A4-83E3-3B3E4FED5064}.Release|Any CPU.Build.0 = Release|Any CPU
		{E21541AF-03CD-4F18-9A0C-7F96D4444F87}.Debug|Any CPU.ActiveCfg = Debug|Any CPU
		{E21541AF-03CD-4F18-9A0C-7F96D4444F87}.Debug|Any CPU.Build.0 = Debug|Any CPU
		{E21541AF-03CD-4F18-9A0C-7F96D4444F87}.Release|Any CPU.ActiveCfg = Release|Any CPU
		{E21541AF-03CD-4F18-9A0C-7F96D4444F87}.Release|Any CPU.Build.0 = Release|Any CPU
		{E1FD9144-EEBD-4F77-B47D-1A51873806E6}.Debug|Any CPU.ActiveCfg = Debug|Any CPU
		{E1FD9144-EEBD-4F77-B47D-1A51873806E6}.Debug|Any CPU.Build.0 = Debug|Any CPU
		{E1FD9144-EEBD-4F77-B47D-1A51873806E6}.Release|Any CPU.ActiveCfg = Release|Any CPU
		{E1FD9144-EEBD-4F77-B47D-1A51873806E6}.Release|Any CPU.Build.0 = Release|Any CPU
	EndGlobalSection
	GlobalSection(SolutionProperties) = preSolution
		HideSolutionNode = FALSE
	EndGlobalSection
	GlobalSection(ExtensibilityGlobals) = postSolution
		SolutionGuid = {3C00506F-C234-477F-8A9A-52FD4D299189}
	EndGlobalSection
EndGlobal
